{
  "nodes": {
    "nixpkgs": {
      "locked": {
        "lastModified": 1660574513,
        "narHash": "sha256-nkMQ1TKIIAYIVbbUzjxfjPn3H1zZFW20TrHUFAjwvNU=",
        "owner": "NixOS",
        "repo": "nixpkgs",
        "rev": "af9e00071d0971eb292fd5abef334e66eda3cb69",
        "type": "github"
      },
      "original": {
        "owner": "NixOS",
        "ref": "nixos-unstable",
        "repo": "nixpkgs",
        "type": "github"
      }
    },
    "replugged": {
      "flake": false,
      "locked": {
        "lastModified": 1660694402,
        "narHash": "sha256-TQC2mqBaLqjdJwL1zW0uY4iGrgvjuN3mbx9coOsRVUw=",
        "owner": "replugged-org",
        "repo": "replugged",
        "rev": "c771a0a8fd49ff96f5e77898548e075dc578eba4",
        "type": "github"
      },
      "original": {
        "owner": "replugged-org",
        "repo": "replugged",
        "type": "github"
      }
    },
    "root": {
      "inputs": {
        "nixpkgs": "nixpkgs",
        "replugged": "replugged"
      }
    }
  },
  "root": "root",
  "version": 7
}
