{
  "nodes": {
    "nixpkgs": {
      "locked": {
        "lastModified": 1663178737,
        "narHash": "sha256-ayOtdyoNx6BqJtTYVzdQCDz/YWb67TY/CMGacFCgNQo=",
        "owner": "NixOS",
        "repo": "nixpkgs",
        "rev": "1158501e7c7cba26d922723cf9f70099995eb755",
        "type": "github"
      },
      "original": {
        "owner": "NixOS",
        "ref": "nixos-unstable",
        "repo": "nixpkgs",
        "type": "github"
      }
    },
    "replugged": {
      "flake": false,
      "locked": {
        "lastModified": 1663272800,
        "narHash": "sha256-AOjJmONwG0NxQmmbr3XHRNu0ju4mum4Zjk4az96OjRk=",
        "owner": "replugged-org",
        "repo": "replugged",
        "rev": "d389f7a0bd7c3b52bc33fc4468d306816d710ef2",
        "type": "github"
      },
      "original": {
        "owner": "replugged-org",
        "repo": "replugged",
        "type": "github"
      }
    },
    "root": {
      "inputs": {
        "nixpkgs": "nixpkgs",
        "replugged": "replugged"
      }
    }
  },
  "root": "root",
  "version": 7
}
