{
  "nodes": {
    "nixpkgs": {
      "locked": {
        "lastModified": 1662019588,
        "narHash": "sha256-oPEjHKGGVbBXqwwL+UjsveJzghWiWV0n9ogo1X6l4cw=",
        "owner": "NixOS",
        "repo": "nixpkgs",
        "rev": "2da64a81275b68fdad38af669afeda43d401e94b",
        "type": "github"
      },
      "original": {
        "owner": "NixOS",
        "ref": "nixos-unstable",
        "repo": "nixpkgs",
        "type": "github"
      }
    },
    "replugged": {
      "flake": false,
      "locked": {
        "lastModified": 1662333287,
        "narHash": "sha256-qppYq6anbMFwPnC/dfa75qDUwxYWfUD2UoLUSJhdPDY=",
        "owner": "replugged-org",
        "repo": "replugged",
        "rev": "154d478bf92034ab89f8426a1acd10e3e5ecdb8c",
        "type": "github"
      },
      "original": {
        "owner": "replugged-org",
        "repo": "replugged",
        "type": "github"
      }
    },
    "root": {
      "inputs": {
        "nixpkgs": "nixpkgs",
        "replugged": "replugged"
      }
    }
  },
  "root": "root",
  "version": 7
}
